
Microsoft Visual Studio Solution File, Format Version 12.00
# Visual Studio Version 16
VisualStudioVersion = 16.0.29009.5
MinimumVisualStudioVersion = 10.0.40219.1
Project("{E24C65DC-7377-472B-9ABA-BC803B73C61A}") = "WEB_STAJ_TAKİP", "WEB_STAJ_TAKİP\", "{B8030ED7-E195-47A3-833B-E6DADDD3B2B5}"
	ProjectSection(WebsiteProperties) = preProject
		TargetFrameworkMoniker = ".NETFramework,Version%3Dv4.0"
		Debug.AspNetCompiler.VirtualPath = "/localhost_55425"
		Debug.AspNetCompiler.PhysicalPath = "WEB_STAJ_TAKİP\"
		Debug.AspNetCompiler.TargetPath = "PrecompiledWeb\localhost_55425\"
		Debug.AspNetCompiler.Updateable = "true"
		Debug.AspNetCompiler.ForceOverwrite = "true"
		Debug.AspNetCompiler.FixedNames = "false"
		Debug.AspNetCompiler.Debug = "True"
		Release.AspNetCompiler.VirtualPath = "/localhost_55425"
		Release.AspNetCompiler.PhysicalPath = "WEB_STAJ_TAKİP\"
		Release.AspNetCompiler.TargetPath = "PrecompiledWeb\localhost_55425\"
		Release.AspNetCompiler.Updateable = "true"
		Release.AspNetCompiler.ForceOverwrite = "true"
		Release.AspNetCompiler.FixedNames = "false"
		Release.AspNetCompiler.Debug = "False"
		VWDPort = "55425"
		SlnRelativePath = "WEB_STAJ_TAKİP\"
	EndProjectSection
EndProject
Global
	GlobalSection(SolutionConfigurationPlatforms) = preSolution
		Debug|Any CPU = Debug|Any CPU
		Release|Any CPU = Release|Any CPU
	EndGlobalSection
	GlobalSection(ProjectConfigurationPlatforms) = postSolution
		{B8030ED7-E195-47A3-833B-E6DADDD3B2B5}.Debug|Any CPU.ActiveCfg = Debug|Any CPU
		{B8030ED7-E195-47A3-833B-E6DADDD3B2B5}.Debug|Any CPU.Build.0 = Debug|Any CPU
		{B8030ED7-E195-47A3-833B-E6DADDD3B2B5}.Release|Any CPU.ActiveCfg = Debug|Any CPU
		{B8030ED7-E195-47A3-833B-E6DADDD3B2B5}.Release|Any CPU.Build.0 = Debug|Any CPU
	EndGlobalSection
	GlobalSection(SolutionProperties) = preSolution
		HideSolutionNode = FALSE
	EndGlobalSection
	GlobalSection(ExtensibilityGlobals) = postSolution
		SolutionGuid = {7D2AB70F-964B-47F4-8F8F-684BD56326AB}
	EndGlobalSection
EndGlobal
